{
    "name": "sistem-piket-laravel",
    "lockfileVersion": 3,
    "requires": true,
    "packages": {
        "": {
            "devDependencies": {
                "@alpinejs/focus": "^3.14.8",
                "@tailwindcss/forms": "^0.5.10",
                "@tailwindcss/typography": "^0.5.16",
                "alpinejs": "^3.14.8",
                "autoprefixer": "^10.4.20",
                "axios": "^1.7.9",
                "laravel-vite-plugin": "^0.8.1",
                "postcss": "^8.5.1",
                "tailwindcss": "^4.0.4",
                "tippy.js": "^6.3.7",
                "vite": "^4.5.5"
            }
        },
        "node_modules/@alpinejs/focus": {
            "version": "3.14.8",
            "resolved": "https://registry.npmjs.org/@alpinejs/focus/-/focus-3.14.8.tgz",
            "integrity": "sha512-lTeU4lyifIL4h2nGf2BHKSX3d8lT7mPn3phR5Yu497ub+al9W2eKXVc42MVm1piY3l6KiYCdNXZTcHaTEm78Kg==",
            "dev": true,
            "dependencies": {
                "focus-trap": "^6.9.4",
                "tabbable": "^5.3.3"
            }
        },
        "node_modules/@esbuild/android-arm": {
            "version": "0.18.11",
            "resolved": "https://registry.npmjs.org/@esbuild/android-arm/-/android-arm-0.18.11.tgz",
            "integrity": "sha512-q4qlUf5ucwbUJZXF5tEQ8LF7y0Nk4P58hOsGk3ucY0oCwgQqAnqXVbUuahCddVHfrxmpyewRpiTHwVHIETYu7Q==",
            "cpu": [
                "arm"
            ],
            "dev": true,
            "optional": true,
            "os": [
                "android"
            ],
            "engines": {
                "node": ">=12"
            }
        },
        "node_modules/@esbuild/android-arm64": {
            "version": "0.18.11",
            "resolved": "https://registry.npmjs.org/@esbuild/android-arm64/-/android-arm64-0.18.11.tgz",
            "integrity": "sha512-snieiq75Z1z5LJX9cduSAjUr7vEI1OdlzFPMw0HH5YI7qQHDd3qs+WZoMrWYDsfRJSq36lIA6mfZBkvL46KoIw==",
            "cpu": [
                "arm64"
            ],
            "dev": true,
            "optional": true,
            "os": [
                "android"
            ],
            "engines": {
                "node": ">=12"
            }
        },
        "node_modules/@esbuild/android-x64": {
            "version": "0.18.11",
            "resolved": "https://registry.npmjs.org/@esbuild/android-x64/-/android-x64-0.18.11.tgz",
            "integrity": "sha512-iPuoxQEV34+hTF6FT7om+Qwziv1U519lEOvekXO9zaMMlT9+XneAhKL32DW3H7okrCOBQ44BMihE8dclbZtTuw==",
            "cpu": [
                "x64"
            ],
            "dev": true,
            "optional": true,
            "os": [
                "android"
            ],
            "engines": {
                "node": ">=12"
            }
        },
        "node_modules/@esbuild/darwin-arm64": {
            "version": "0.18.11",
            "resolved": "https://registry.npmjs.org/@esbuild/darwin-arm64/-/darwin-arm64-0.18.11.tgz",
            "integrity": "sha512-Gm0QkI3k402OpfMKyQEEMG0RuW2LQsSmI6OeO4El2ojJMoF5NLYb3qMIjvbG/lbMeLOGiW6ooU8xqc+S0fgz2w==",
            "cpu": [
                "arm64"
            ],
            "dev": true,
            "optional": true,
            "os": [
                "darwin"
            ],
            "engines": {
                "node": ">=12"
            }
        },
        "node_modules/@esbuild/darwin-x64": {
            "version": "0.18.11",
            "resolved": "https://registry.npmjs.org/@esbuild/darwin-x64/-/darwin-x64-0.18.11.tgz",
            "integrity": "sha512-N15Vzy0YNHu6cfyDOjiyfJlRJCB/ngKOAvoBf1qybG3eOq0SL2Lutzz9N7DYUbb7Q23XtHPn6lMDF6uWbGv9Fw==",
            "cpu": [
                "x64"
            ],
            "dev": true,
            "optional": true,
            "os": [
                "darwin"
            ],
            "engines": {
                "node": ">=12"
            }
        },
        "node_modules/@esbuild/freebsd-arm64": {
            "version": "0.18.11",
            "resolved": "https://registry.npmjs.org/@esbuild/freebsd-arm64/-/freebsd-arm64-0.18.11.tgz",
            "integrity": "sha512-atEyuq6a3omEY5qAh5jIORWk8MzFnCpSTUruBgeyN9jZq1K/QI9uke0ATi3MHu4L8c59CnIi4+1jDKMuqmR71A==",
            "cpu": [
                "arm64"
            ],
            "dev": true,
            "optional": true,
            "os": [
                "freebsd"
            ],
            "engines": {
                "node": ">=12"
            }
        },
        "node_modules/@esbuild/freebsd-x64": {
            "version": "0.18.11",
            "resolved": "https://registry.npmjs.org/@esbuild/freebsd-x64/-/freebsd-x64-0.18.11.tgz",
            "integrity": "sha512-XtuPrEfBj/YYYnAAB7KcorzzpGTvOr/dTtXPGesRfmflqhA4LMF0Gh/n5+a9JBzPuJ+CGk17CA++Hmr1F/gI0Q==",
            "cpu": [
                "x64"
            ],
            "dev": true,
            "optional": true,
            "os": [
                "freebsd"
            ],
            "engines": {
                "node": ">=12"
            }
        },
        "node_modules/@esbuild/linux-arm": {
            "version": "0.18.11",
            "resolved": "https://registry.npmjs.org/@esbuild/linux-arm/-/linux-arm-0.18.11.tgz",
            "integrity": "sha512-Idipz+Taso/toi2ETugShXjQ3S59b6m62KmLHkJlSq/cBejixmIydqrtM2XTvNCywFl3VC7SreSf6NV0i6sRyg==",
            "cpu": [
                "arm"
            ],
            "dev": true,
            "optional": true,
            "os": [
                "linux"
            ],
            "engines": {
                "node": ">=12"
            }
        },
        "node_modules/@esbuild/linux-arm64": {
            "version": "0.18.11",
            "resolved": "https://registry.npmjs.org/@esbuild/linux-arm64/-/linux-arm64-0.18.11.tgz",
            "integrity": "sha512-c6Vh2WS9VFKxKZ2TvJdA7gdy0n6eSy+yunBvv4aqNCEhSWVor1TU43wNRp2YLO9Vng2G+W94aRz+ILDSwAiYog==",
            "cpu": [
                "arm64"
            ],
            "dev": true,
            "optional": true,
            "os": [
                "linux"
            ],
            "engines": {
                "node": ">=12"
            }
        },
        "node_modules/@esbuild/linux-ia32": {
            "version": "0.18.11",
            "resolved": "https://registry.npmjs.org/@esbuild/linux-ia32/-/linux-ia32-0.18.11.tgz",
            "integrity": "sha512-S3hkIF6KUqRh9n1Q0dSyYcWmcVa9Cg+mSoZEfFuzoYXXsk6196qndrM+ZiHNwpZKi3XOXpShZZ+9dfN5ykqjjw==",
            "cpu": [
                "ia32"
            ],
            "dev": true,
            "optional": true,
            "os": [
                "linux"
            ],
            "engines": {
                "node": ">=12"
            }
        },
        "node_modules/@esbuild/linux-loong64": {
            "version": "0.18.11",
            "resolved": "https://registry.npmjs.org/@esbuild/linux-loong64/-/linux-loong64-0.18.11.tgz",
            "integrity": "sha512-MRESANOoObQINBA+RMZW+Z0TJWpibtE7cPFnahzyQHDCA9X9LOmGh68MVimZlM9J8n5Ia8lU773te6O3ILW8kw==",
            "cpu": [
                "loong64"
            ],
            "dev": true,
            "optional": true,
            "os": [
                "linux"
            ],
            "engines": {
                "node": ">=12"
            }
        },
        "node_modules/@esbuild/linux-mips64el": {
            "version": "0.18.11",
            "resolved": "https://registry.npmjs.org/@esbuild/linux-mips64el/-/linux-mips64el-0.18.11.tgz",
            "integrity": "sha512-qVyPIZrXNMOLYegtD1u8EBccCrBVshxMrn5MkuFc3mEVsw7CCQHaqZ4jm9hbn4gWY95XFnb7i4SsT3eflxZsUg==",
            "cpu": [
                "mips64el"
            ],
            "dev": true,
            "optional": true,
            "os": [
                "linux"
            ],
            "engines": {
                "node": ">=12"
            }
        },
        "node_modules/@esbuild/linux-ppc64": {
            "version": "0.18.11",
            "resolved": "https://registry.npmjs.org/@esbuild/linux-ppc64/-/linux-ppc64-0.18.11.tgz",
            "integrity": "sha512-T3yd8vJXfPirZaUOoA9D2ZjxZX4Gr3QuC3GztBJA6PklLotc/7sXTOuuRkhE9W/5JvJP/K9b99ayPNAD+R+4qQ==",
            "cpu": [
                "ppc64"
            ],
            "dev": true,
            "optional": true,
            "os": [
                "linux"
            ],
            "engines": {
                "node": ">=12"
            }
        },
        "node_modules/@esbuild/linux-riscv64": {
            "version": "0.18.11",
            "resolved": "https://registry.npmjs.org/@esbuild/linux-riscv64/-/linux-riscv64-0.18.11.tgz",
            "integrity": "sha512-evUoRPWiwuFk++snjH9e2cAjF5VVSTj+Dnf+rkO/Q20tRqv+644279TZlPK8nUGunjPAtQRCj1jQkDAvL6rm2w==",
            "cpu": [
                "riscv64"
            ],
            "dev": true,
            "optional": true,
            "os": [
                "linux"
            ],
            "engines": {
                "node": ">=12"
            }
        },
        "node_modules/@esbuild/linux-s390x": {
            "version": "0.18.11",
            "resolved": "https://registry.npmjs.org/@esbuild/linux-s390x/-/linux-s390x-0.18.11.tgz",
            "integrity": "sha512-/SlRJ15XR6i93gRWquRxYCfhTeC5PdqEapKoLbX63PLCmAkXZHY2uQm2l9bN0oPHBsOw2IswRZctMYS0MijFcg==",
            "cpu": [
                "s390x"
            ],
            "dev": true,
            "optional": true,
            "os": [
                "linux"
            ],
            "engines": {
                "node": ">=12"
            }
        },
        "node_modules/@esbuild/linux-x64": {
            "version": "0.18.11",
            "resolved": "https://registry.npmjs.org/@esbuild/linux-x64/-/linux-x64-0.18.11.tgz",
            "integrity": "sha512-xcncej+wF16WEmIwPtCHi0qmx1FweBqgsRtEL1mSHLFR6/mb3GEZfLQnx+pUDfRDEM4DQF8dpXIW7eDOZl1IbA==",
            "cpu": [
                "x64"
            ],
            "dev": true,
            "optional": true,
            "os": [
                "linux"
            ],
            "engines": {
                "node": ">=12"
            }
        },
        "node_modules/@esbuild/netbsd-x64": {
            "version": "0.18.11",
            "resolved": "https://registry.npmjs.org/@esbuild/netbsd-x64/-/netbsd-x64-0.18.11.tgz",
            "integrity": "sha512-aSjMHj/F7BuS1CptSXNg6S3M4F3bLp5wfFPIJM+Km2NfIVfFKhdmfHF9frhiCLIGVzDziggqWll0B+9AUbud/Q==",
            "cpu": [
                "x64"
            ],
            "dev": true,
            "optional": true,
            "os": [
                "netbsd"
            ],
            "engines": {
                "node": ">=12"
            }
        },
        "node_modules/@esbuild/openbsd-x64": {
            "version": "0.18.11",
            "resolved": "https://registry.npmjs.org/@esbuild/openbsd-x64/-/openbsd-x64-0.18.11.tgz",
            "integrity": "sha512-tNBq+6XIBZtht0xJGv7IBB5XaSyvYPCm1PxJ33zLQONdZoLVM0bgGqUrXnJyiEguD9LU4AHiu+GCXy/Hm9LsdQ==",
            "cpu": [
                "x64"
            ],
            "dev": true,
            "optional": true,
            "os": [
                "openbsd"
            ],
            "engines": {
                "node": ">=12"
            }
        },
        "node_modules/@esbuild/sunos-x64": {
            "version": "0.18.11",
            "resolved": "https://registry.npmjs.org/@esbuild/sunos-x64/-/sunos-x64-0.18.11.tgz",
            "integrity": "sha512-kxfbDOrH4dHuAAOhr7D7EqaYf+W45LsAOOhAet99EyuxxQmjbk8M9N4ezHcEiCYPaiW8Dj3K26Z2V17Gt6p3ng==",
            "cpu": [
                "x64"
            ],
            "dev": true,
            "optional": true,
            "os": [
                "sunos"
            ],
            "engines": {
                "node": ">=12"
            }
        },
        "node_modules/@esbuild/win32-arm64": {
            "version": "0.18.11",
            "resolved": "https://registry.npmjs.org/@esbuild/win32-arm64/-/win32-arm64-0.18.11.tgz",
            "integrity": "sha512-Sh0dDRyk1Xi348idbal7lZyfSkjhJsdFeuC13zqdipsvMetlGiFQNdO+Yfp6f6B4FbyQm7qsk16yaZk25LChzg==",
            "cpu": [
                "arm64"
            ],
            "dev": true,
            "optional": true,
            "os": [
                "win32"
            ],
            "engines": {
                "node": ">=12"
            }
        },
        "node_modules/@esbuild/win32-ia32": {
            "version": "0.18.11",
            "resolved": "https://registry.npmjs.org/@esbuild/win32-ia32/-/win32-ia32-0.18.11.tgz",
            "integrity": "sha512-o9JUIKF1j0rqJTFbIoF4bXj6rvrTZYOrfRcGyL0Vm5uJ/j5CkBD/51tpdxe9lXEDouhRgdr/BYzUrDOvrWwJpg==",
            "cpu": [
                "ia32"
            ],
            "dev": true,
            "optional": true,
            "os": [
                "win32"
            ],
            "engines": {
                "node": ">=12"
            }
        },
        "node_modules/@esbuild/win32-x64": {
            "version": "0.18.11",
            "resolved": "https://registry.npmjs.org/@esbuild/win32-x64/-/win32-x64-0.18.11.tgz",
            "integrity": "sha512-rQI4cjLHd2hGsM1LqgDI7oOCYbQ6IBOVsX9ejuRMSze0GqXUG2ekwiKkiBU1pRGSeCqFFHxTrcEydB2Hyoz9CA==",
            "cpu": [
                "x64"
            ],
            "dev": true,
            "optional": true,
            "os": [
                "win32"
            ],
            "engines": {
                "node": ">=12"
            }
        },
        "node_modules/@popperjs/core": {
            "version": "2.11.8",
            "resolved": "https://registry.npmjs.org/@popperjs/core/-/core-2.11.8.tgz",
            "integrity": "sha512-P1st0aksCrn9sGZhp8GMYwBnQsbvAWsZAX44oXNNvLHGqAOcoVxmjZiohstwQ7SqKnbR47akdNi+uleWD8+g6A==",
            "dev": true,
            "funding": {
                "type": "opencollective",
                "url": "https://opencollective.com/popperjs"
            }
        },
        "node_modules/@tailwindcss/forms": {
            "version": "0.5.10",
            "resolved": "https://registry.npmjs.org/@tailwindcss/forms/-/forms-0.5.10.tgz",
            "integrity": "sha512-utI1ONF6uf/pPNO68kmN1b8rEwNXv3czukalo8VtJH8ksIkZXr3Q3VYudZLkCsDd4Wku120uF02hYK25XGPorw==",
            "dev": true,
            "dependencies": {
                "mini-svg-data-uri": "^1.2.3"
            },
            "peerDependencies": {
                "tailwindcss": ">=3.0.0 || >= 3.0.0-alpha.1 || >= 4.0.0-alpha.20 || >= 4.0.0-beta.1"
            }
        },
        "node_modules/@tailwindcss/typography": {
            "version": "0.5.16",
            "resolved": "https://registry.npmjs.org/@tailwindcss/typography/-/typography-0.5.16.tgz",
            "integrity": "sha512-0wDLwCVF5V3x3b1SGXPCDcdsbDHMBe+lkFzBRaHeLvNi+nrrnZ1lA18u+OTWO8iSWU2GxUOCvlXtDuqftc1oiA==",
            "dev": true,
            "dependencies": {
                "lodash.castarray": "^4.4.0",
                "lodash.isplainobject": "^4.0.6",
                "lodash.merge": "^4.6.2",
                "postcss-selector-parser": "6.0.10"
            },
            "peerDependencies": {
                "tailwindcss": ">=3.0.0 || insiders || >=4.0.0-alpha.20 || >=4.0.0-beta.1"
            }
        },
        "node_modules/@vue/reactivity": {
            "version": "3.1.5",
            "resolved": "https://registry.npmjs.org/@vue/reactivity/-/reactivity-3.1.5.tgz",
            "integrity": "sha512-1tdfLmNjWG6t/CsPldh+foumYFo3cpyCHgBYQ34ylaMsJ+SNHQ1kApMIa8jN+i593zQuaw3AdWH0nJTARzCFhg==",
            "dev": true,
            "dependencies": {
                "@vue/shared": "3.1.5"
            }
        },
        "node_modules/@vue/shared": {
            "version": "3.1.5",
            "resolved": "https://registry.npmjs.org/@vue/shared/-/shared-3.1.5.tgz",
            "integrity": "sha512-oJ4F3TnvpXaQwZJNF3ZK+kLPHKarDmJjJ6jyzVNDKH9md1dptjC7lWR//jrGuLdek/U6iltWxqAnYOu8gCiOvA==",
            "dev": true
        },
        "node_modules/alpinejs": {
            "version": "3.14.8",
            "resolved": "https://registry.npmjs.org/alpinejs/-/alpinejs-3.14.8.tgz",
            "integrity": "sha512-wT2fuP2DXpGk/jKaglwy7S/IJpm1FD+b7U6zUrhwErjoq5h27S4dxkJEXVvhbdwyPv9U+3OkUuNLkZT4h2Kfrg==",
            "dev": true,
            "dependencies": {
                "@vue/reactivity": "~3.1.1"
            }
        },
        "node_modules/asynckit": {
            "version": "0.4.0",
            "resolved": "https://registry.npmjs.org/asynckit/-/asynckit-0.4.0.tgz",
            "integrity": "sha512-Oei9OH4tRh0YqU3GxhX79dM/mwVgvbZJaSNaRk+bshkj0S5cfHcgYakreBjrHwatXKbz+IoIdYLxrKim2MjW0Q==",
            "dev": true
        },
        "node_modules/autoprefixer": {
            "version": "10.4.20",
            "resolved": "https://registry.npmjs.org/autoprefixer/-/autoprefixer-10.4.20.tgz",
            "integrity": "sha512-XY25y5xSv/wEoqzDyXXME4AFfkZI0P23z6Fs3YgymDnKJkCGOnkL0iTxCa85UTqaSgfcqyf3UA6+c7wUvx/16g==",
            "dev": true,
            "funding": [
                {
                    "type": "opencollective",
                    "url": "https://opencollective.com/postcss/"
                },
                {
                    "type": "tidelift",
                    "url": "https://tidelift.com/funding/github/npm/autoprefixer"
                },
                {
                    "type": "github",
                    "url": "https://github.com/sponsors/ai"
                }
            ],
            "dependencies": {
                "browserslist": "^4.23.3",
                "caniuse-lite": "^1.0.30001646",
                "fraction.js": "^4.3.7",
                "normalize-range": "^0.1.2",
                "picocolors": "^1.0.1",
                "postcss-value-parser": "^4.2.0"
            },
            "bin": {
                "autoprefixer": "bin/autoprefixer"
            },
            "engines": {
                "node": "^10 || ^12 || >=14"
            },
            "peerDependencies": {
                "postcss": "^8.1.0"
            }
        },
        "node_modules/axios": {
            "version": "1.7.9",
            "resolved": "https://registry.npmjs.org/axios/-/axios-1.7.9.tgz",
            "integrity": "sha512-LhLcE7Hbiryz8oMDdDptSrWowmB4Bl6RCt6sIJKpRB4XtVf0iEgewX3au/pJqm+Py1kCASkb/FFKjxQaLtxJvw==",
            "dev": true,
            "license": "MIT",
            "dependencies": {
                "follow-redirects": "^1.15.6",
                "form-data": "^4.0.0",
                "proxy-from-env": "^1.1.0"
            }
        },
        "node_modules/browserslist": {
            "version": "4.23.3",
            "resolved": "https://registry.npmjs.org/browserslist/-/browserslist-4.23.3.tgz",
            "integrity": "sha512-btwCFJVjI4YWDNfau8RhZ+B1Q/VLoUITrm3RlP6y1tYGWIOa+InuYiRGXUBXo8nA1qKmHMyLB/iVQg5TT4eFoA==",
            "dev": true,
            "funding": [
                {
                    "type": "opencollective",
                    "url": "https://opencollective.com/browserslist"
                },
                {
                    "type": "tidelift",
                    "url": "https://tidelift.com/funding/github/npm/browserslist"
                },
                {
                    "type": "github",
                    "url": "https://github.com/sponsors/ai"
                }
            ],
            "dependencies": {
                "caniuse-lite": "^1.0.30001646",
                "electron-to-chromium": "^1.5.4",
                "node-releases": "^2.0.18",
                "update-browserslist-db": "^1.1.0"
            },
            "bin": {
                "browserslist": "cli.js"
            },
            "engines": {
                "node": "^6 || ^7 || ^8 || ^9 || ^10 || ^11 || ^12 || >=13.7"
            }
        },
        "node_modules/caniuse-lite": {
            "version": "1.0.30001649",
            "resolved": "https://registry.npmjs.org/caniuse-lite/-/caniuse-lite-1.0.30001649.tgz",
            "integrity": "sha512-fJegqZZ0ZX8HOWr6rcafGr72+xcgJKI9oWfDW5DrD7ExUtgZC7a7R7ZYmZqplh7XDocFdGeIFn7roAxhOeYrPQ==",
            "dev": true,
            "funding": [
                {
                    "type": "opencollective",
                    "url": "https://opencollective.com/browserslist"
                },
                {
                    "type": "tidelift",
                    "url": "https://tidelift.com/funding/github/npm/caniuse-lite"
                },
                {
                    "type": "github",
                    "url": "https://github.com/sponsors/ai"
                }
            ]
        },
        "node_modules/combined-stream": {
            "version": "1.0.8",
            "resolved": "https://registry.npmjs.org/combined-stream/-/combined-stream-1.0.8.tgz",
            "integrity": "sha512-FQN4MRfuJeHf7cBbBMJFXhKSDq+2kAArBlmRBvcvFE5BB1HZKXtSFASDhdlz9zOYwxh8lDdnvmMOe/+5cdoEdg==",
            "dev": true,
            "dependencies": {
                "delayed-stream": "~1.0.0"
            },
            "engines": {
                "node": ">= 0.8"
            }
        },
        "node_modules/cssesc": {
            "version": "3.0.0",
            "resolved": "https://registry.npmjs.org/cssesc/-/cssesc-3.0.0.tgz",
            "integrity": "sha512-/Tb/JcjK111nNScGob5MNtsntNM1aCNUDipB/TkwZFhyDrrE47SOx/18wF2bbjgc3ZzCSKW1T5nt5EbFoAz/Vg==",
            "dev": true,
            "bin": {
                "cssesc": "bin/cssesc"
            },
            "engines": {
                "node": ">=4"
            }
        },
        "node_modules/delayed-stream": {
            "version": "1.0.0",
            "resolved": "https://registry.npmjs.org/delayed-stream/-/delayed-stream-1.0.0.tgz",
            "integrity": "sha512-ZySD7Nf91aLB0RxL4KGrKHBXl7Eds1DAmEdcoVawXnLD7SDhpNgtuII2aAkg7a7QS41jxPSZ17p4VdGnMHk3MQ==",
            "dev": true,
            "engines": {
                "node": ">=0.4.0"
            }
        },
        "node_modules/electron-to-chromium": {
            "version": "1.5.4",
            "resolved": "https://registry.npmjs.org/electron-to-chromium/-/electron-to-chromium-1.5.4.tgz",
            "integrity": "sha512-orzA81VqLyIGUEA77YkVA1D+N+nNfl2isJVjjmOyrlxuooZ19ynb+dOlaDTqd/idKRS9lDCSBmtzM+kyCsMnkA==",
            "dev": true
        },
        "node_modules/esbuild": {
            "version": "0.18.11",
            "resolved": "https://registry.npmjs.org/esbuild/-/esbuild-0.18.11.tgz",
            "integrity": "sha512-i8u6mQF0JKJUlGR3OdFLKldJQMMs8OqM9Cc3UCi9XXziJ9WERM5bfkHaEAy0YAvPRMgqSW55W7xYn84XtEFTtA==",
            "dev": true,
            "hasInstallScript": true,
            "bin": {
                "esbuild": "bin/esbuild"
            },
            "engines": {
                "node": ">=12"
            },
            "optionalDependencies": {
                "@esbuild/android-arm": "0.18.11",
                "@esbuild/android-arm64": "0.18.11",
                "@esbuild/android-x64": "0.18.11",
                "@esbuild/darwin-arm64": "0.18.11",
                "@esbuild/darwin-x64": "0.18.11",
                "@esbuild/freebsd-arm64": "0.18.11",
                "@esbuild/freebsd-x64": "0.18.11",
                "@esbuild/linux-arm": "0.18.11",
                "@esbuild/linux-arm64": "0.18.11",
                "@esbuild/linux-ia32": "0.18.11",
                "@esbuild/linux-loong64": "0.18.11",
                "@esbuild/linux-mips64el": "0.18.11",
                "@esbuild/linux-ppc64": "0.18.11",
                "@esbuild/linux-riscv64": "0.18.11",
                "@esbuild/linux-s390x": "0.18.11",
                "@esbuild/linux-x64": "0.18.11",
                "@esbuild/netbsd-x64": "0.18.11",
                "@esbuild/openbsd-x64": "0.18.11",
                "@esbuild/sunos-x64": "0.18.11",
                "@esbuild/win32-arm64": "0.18.11",
                "@esbuild/win32-ia32": "0.18.11",
                "@esbuild/win32-x64": "0.18.11"
            }
        },
        "node_modules/escalade": {
            "version": "3.1.2",
            "resolved": "https://registry.npmjs.org/escalade/-/escalade-3.1.2.tgz",
            "integrity": "sha512-ErCHMCae19vR8vQGe50xIsVomy19rg6gFu3+r3jkEO46suLMWBksvVyoGgQV+jOfl84ZSOSlmv6Gxa89PmTGmA==",
            "dev": true,
            "engines": {
                "node": ">=6"
            }
        },
        "node_modules/focus-trap": {
            "version": "6.9.4",
            "resolved": "https://registry.npmjs.org/focus-trap/-/focus-trap-6.9.4.tgz",
            "integrity": "sha512-v2NTsZe2FF59Y+sDykKY+XjqZ0cPfhq/hikWVL88BqLivnNiEffAsac6rP6H45ff9wG9LL5ToiDqrLEP9GX9mw==",
            "dev": true,
            "dependencies": {
                "tabbable": "^5.3.3"
            }
        },
        "node_modules/follow-redirects": {
            "version": "1.15.6",
            "resolved": "https://registry.npmjs.org/follow-redirects/-/follow-redirects-1.15.6.tgz",
            "integrity": "sha512-wWN62YITEaOpSK584EZXJafH1AGpO8RVgElfkuXbTOrPX4fIfOyEpW/CsiNd8JdYrAoOvafRTOEnvsO++qCqFA==",
            "dev": true,
            "funding": [
                {
                    "type": "individual",
                    "url": "https://github.com/sponsors/RubenVerborgh"
                }
            ],
            "engines": {
                "node": ">=4.0"
            },
            "peerDependenciesMeta": {
                "debug": {
                    "optional": true
                }
            }
        },
        "node_modules/form-data": {
            "version": "4.0.0",
            "resolved": "https://registry.npmjs.org/form-data/-/form-data-4.0.0.tgz",
            "integrity": "sha512-ETEklSGi5t0QMZuiXoA/Q6vcnxcLQP5vdugSpuAyi6SVGi2clPPp+xgEhuMaHC+zGgn31Kd235W35f7Hykkaww==",
            "dev": true,
            "dependencies": {
                "asynckit": "^0.4.0",
                "combined-stream": "^1.0.8",
                "mime-types": "^2.1.12"
            },
            "engines": {
                "node": ">= 6"
            }
        },
        "node_modules/fraction.js": {
            "version": "4.3.7",
            "resolved": "https://registry.npmjs.org/fraction.js/-/fraction.js-4.3.7.tgz",
            "integrity": "sha512-ZsDfxO51wGAXREY55a7la9LScWpwv9RxIrYABrlvOFBlH/ShPnrtsXeuUIfXKKOVicNxQ+o8JTbJvjS4M89yew==",
            "dev": true,
            "engines": {
                "node": "*"
            },
            "funding": {
                "type": "patreon",
                "url": "https://github.com/sponsors/rawify"
            }
        },
        "node_modules/fsevents": {
            "version": "2.3.2",
            "resolved": "https://registry.npmjs.org/fsevents/-/fsevents-2.3.2.tgz",
            "integrity": "sha512-xiqMQR4xAeHTuB9uWm+fFRcIOgKBMiOBP+eXiyT7jsgVCq1bkVygt00oASowB7EdtpOHaaPgKt812P9ab+DDKA==",
            "dev": true,
            "hasInstallScript": true,
            "optional": true,
            "os": [
                "darwin"
            ],
            "engines": {
                "node": "^8.16.0 || ^10.6.0 || >=11.0.0"
            }
        },
        "node_modules/laravel-vite-plugin": {
            "version": "0.8.1",
            "resolved": "https://registry.npmjs.org/laravel-vite-plugin/-/laravel-vite-plugin-0.8.1.tgz",
            "integrity": "sha512-fxzUDjOA37kOsYq8dP+3oPIlw8/kJVXwu0hOXLun82R1LpV02shGeWGYKx2lbpKffL5I0sfPPjfqbYxuqBluAA==",
            "dev": true,
            "dependencies": {
                "picocolors": "^1.0.0",
                "vite-plugin-full-reload": "^1.0.5"
            },
            "engines": {
                "node": ">=14"
            },
            "peerDependencies": {
                "vite": "^3.0.0 || ^4.0.0"
            }
        },
        "node_modules/lodash.castarray": {
            "version": "4.4.0",
            "resolved": "https://registry.npmjs.org/lodash.castarray/-/lodash.castarray-4.4.0.tgz",
            "integrity": "sha512-aVx8ztPv7/2ULbArGJ2Y42bG1mEQ5mGjpdvrbJcJFU3TbYybe+QlLS4pst9zV52ymy2in1KpFPiZnAOATxD4+Q==",
            "dev": true
        },
        "node_modules/lodash.isplainobject": {
            "version": "4.0.6",
            "resolved": "https://registry.npmjs.org/lodash.isplainobject/-/lodash.isplainobject-4.0.6.tgz",
            "integrity": "sha512-oSXzaWypCMHkPC3NvBEaPHf0KsA5mvPrOPgQWDsbg8n7orZ290M0BmC/jgRZ4vcJ6DTAhjrsSYgdsW/F+MFOBA==",
            "dev": true
        },
        "node_modules/lodash.merge": {
            "version": "4.6.2",
            "resolved": "https://registry.npmjs.org/lodash.merge/-/lodash.merge-4.6.2.tgz",
            "integrity": "sha512-0KpjqXRVvrYyCsX1swR/XTK0va6VQkQM6MNo7PqW77ByjAhoARA8EfrP1N4+KlKj8YS0ZUCtRT/YUuhyYDujIQ==",
            "dev": true
        },
        "node_modules/mime-db": {
            "version": "1.52.0",
            "resolved": "https://registry.npmjs.org/mime-db/-/mime-db-1.52.0.tgz",
            "integrity": "sha512-sPU4uV7dYlvtWJxwwxHD0PuihVNiE7TyAbQ5SWxDCB9mUYvOgroQOwYQQOKPJ8CIbE+1ETVlOoK1UC2nU3gYvg==",
            "dev": true,
            "engines": {
                "node": ">= 0.6"
            }
        },
        "node_modules/mime-types": {
            "version": "2.1.35",
            "resolved": "https://registry.npmjs.org/mime-types/-/mime-types-2.1.35.tgz",
            "integrity": "sha512-ZDY+bPm5zTTF+YpCrAU9nK0UgICYPT0QtT1NZWFv4s++TNkcgVaT0g6+4R2uI4MjQjzysHB1zxuWL50hzaeXiw==",
            "dev": true,
            "dependencies": {
                "mime-db": "1.52.0"
            },
            "engines": {
                "node": ">= 0.6"
            }
        },
        "node_modules/mini-svg-data-uri": {
            "version": "1.4.4",
            "resolved": "https://registry.npmjs.org/mini-svg-data-uri/-/mini-svg-data-uri-1.4.4.tgz",
            "integrity": "sha512-r9deDe9p5FJUPZAk3A59wGH7Ii9YrjjWw0jmw/liSbHl2CHiyXj6FcDXDu2K3TjVAXqiJdaw3xxwlZZr9E6nHg==",
            "dev": true,
            "bin": {
                "mini-svg-data-uri": "cli.js"
            }
        },
        "node_modules/nanoid": {
            "version": "3.3.8",
            "resolved": "https://registry.npmjs.org/nanoid/-/nanoid-3.3.8.tgz",
            "integrity": "sha512-WNLf5Sd8oZxOm+TzppcYk8gVOgP+l58xNy58D0nbUnOxOWRWvlcCV4kUF7ltmI6PsrLl/BgKEyS4mqsGChFN0w==",
            "dev": true,
            "funding": [
                {
                    "type": "github",
                    "url": "https://github.com/sponsors/ai"
                }
            ],
            "bin": {
                "nanoid": "bin/nanoid.cjs"
            },
            "engines": {
                "node": "^10 || ^12 || ^13.7 || ^14 || >=15.0.1"
            }
        },
        "node_modules/node-releases": {
            "version": "2.0.18",
            "resolved": "https://registry.npmjs.org/node-releases/-/node-releases-2.0.18.tgz",
            "integrity": "sha512-d9VeXT4SJ7ZeOqGX6R5EM022wpL+eWPooLI+5UpWn2jCT1aosUQEhQP214x33Wkwx3JQMvIm+tIoVOdodFS40g==",
            "dev": true
        },
        "node_modules/normalize-range": {
            "version": "0.1.2",
            "resolved": "https://registry.npmjs.org/normalize-range/-/normalize-range-0.1.2.tgz",
            "integrity": "sha512-bdok/XvKII3nUpklnV6P2hxtMNrCboOjAcyBuQnWEhO665FwrSNRxU+AqpsyvO6LgGYPspN+lu5CLtw4jPRKNA==",
            "dev": true,
            "engines": {
                "node": ">=0.10.0"
            }
        },
        "node_modules/picocolors": {
            "version": "1.1.1",
            "resolved": "https://registry.npmjs.org/picocolors/-/picocolors-1.1.1.tgz",
            "integrity": "sha512-xceH2snhtb5M9liqDsmEw56le376mTZkEX/jEb/RxNFyegNul7eNslCXP9FDj/Lcu0X8KEyMceP2ntpaHrDEVA==",
            "dev": true
        },
        "node_modules/picomatch": {
            "version": "2.3.1",
            "resolved": "https://registry.npmjs.org/picomatch/-/picomatch-2.3.1.tgz",
            "integrity": "sha512-JU3teHTNjmE2VCGFzuY8EXzCDVwEqB2a8fsIvwaStHhAWJEeVd1o1QD80CU6+ZdEXXSLbSsuLwJjkCBWqRQUVA==",
            "dev": true,
            "engines": {
                "node": ">=8.6"
            },
            "funding": {
                "url": "https://github.com/sponsors/jonschlinkert"
            }
        },
        "node_modules/postcss": {
            "version": "8.5.1",
            "resolved": "https://registry.npmjs.org/postcss/-/postcss-8.5.1.tgz",
            "integrity": "sha512-6oz2beyjc5VMn/KV1pPw8fliQkhBXrVn1Z3TVyqZxU8kZpzEKhBdmCFqI6ZbmGtamQvQGuU1sgPTk8ZrXDD7jQ==",
            "dev": true,
            "funding": [
                {
                    "type": "opencollective",
                    "url": "https://opencollective.com/postcss/"
                },
                {
                    "type": "tidelift",
                    "url": "https://tidelift.com/funding/github/npm/postcss"
                },
                {
                    "type": "github",
                    "url": "https://github.com/sponsors/ai"
                }
            ],
            "dependencies": {
                "nanoid": "^3.3.8",
                "picocolors": "^1.1.1",
                "source-map-js": "^1.2.1"
            },
            "engines": {
                "node": "^10 || ^12 || >=14"
            }
        },
        "node_modules/postcss-selector-parser": {
            "version": "6.0.10",
            "resolved": "https://registry.npmjs.org/postcss-selector-parser/-/postcss-selector-parser-6.0.10.tgz",
            "integrity": "sha512-IQ7TZdoaqbT+LCpShg46jnZVlhWD2w6iQYAcYXfHARZ7X1t/UGhhceQDs5X0cGqKvYlHNOuv7Oa1xmb0oQuA3w==",
            "dev": true,
            "dependencies": {
                "cssesc": "^3.0.0",
                "util-deprecate": "^1.0.2"
            },
            "engines": {
                "node": ">=4"
            }
        },
        "node_modules/postcss-value-parser": {
            "version": "4.2.0",
            "resolved": "https://registry.npmjs.org/postcss-value-parser/-/postcss-value-parser-4.2.0.tgz",
            "integrity": "sha512-1NNCs6uurfkVbeXG4S8JFT9t19m45ICnif8zWLd5oPSZ50QnwMfK+H3jv408d4jw/7Bttv5axS5IiHoLaVNHeQ==",
            "dev": true
        },
        "node_modules/proxy-from-env": {
            "version": "1.1.0",
            "resolved": "https://registry.npmjs.org/proxy-from-env/-/proxy-from-env-1.1.0.tgz",
            "integrity": "sha512-D+zkORCbA9f1tdWRK0RaCR3GPv50cMxcrz4X8k5LTSUD1Dkw47mKJEZQNunItRTkWwgtaUSo1RVFRIG9ZXiFYg==",
            "dev": true
        },
        "node_modules/rollup": {
            "version": "3.29.5",
            "resolved": "https://registry.npmjs.org/rollup/-/rollup-3.29.5.tgz",
            "integrity": "sha512-GVsDdsbJzzy4S/v3dqWPJ7EfvZJfCHiDqe80IyrF59LYuP+e6U1LJoUqeuqRbwAWoMNoXivMNeNAOf5E22VA1w==",
            "dev": true,
            "bin": {
                "rollup": "dist/bin/rollup"
            },
            "engines": {
                "node": ">=14.18.0",
                "npm": ">=8.0.0"
            },
            "optionalDependencies": {
                "fsevents": "~2.3.2"
            }
        },
        "node_modules/source-map-js": {
            "version": "1.2.1",
            "resolved": "https://registry.npmjs.org/source-map-js/-/source-map-js-1.2.1.tgz",
            "integrity": "sha512-UXWMKhLOwVKb728IUtQPXxfYU+usdybtUrK/8uGE8CQMvrhOpwvzDBwj0QhSL7MQc7vIsISBG8VQ8+IDQxpfQA==",
            "dev": true,
            "engines": {
                "node": ">=0.10.0"
            }
        },
        "node_modules/tabbable": {
            "version": "5.3.3",
            "resolved": "https://registry.npmjs.org/tabbable/-/tabbable-5.3.3.tgz",
            "integrity": "sha512-QD9qKY3StfbZqWOPLp0++pOrAVb/HbUi5xCc8cUo4XjP19808oaMiDzn0leBY5mCespIBM0CIZePzZjgzR83kA==",
            "dev": true
        },
        "node_modules/tailwindcss": {
            "version": "4.0.4",
            "resolved": "https://registry.npmjs.org/tailwindcss/-/tailwindcss-4.0.4.tgz",
            "integrity": "sha512-/ezDLEkOLf1lXkr9F2iI5BHJbexJpty5zkV2B8bGHCqAdbc9vk85Jgdkq+ZOvNkNPa3yAaqJ8DjRt584Bc84kw==",
            "dev": true,
            "license": "MIT"
        },
        "node_modules/tippy.js": {
            "version": "6.3.7",
            "resolved": "https://registry.npmjs.org/tippy.js/-/tippy.js-6.3.7.tgz",
            "integrity": "sha512-E1d3oP2emgJ9dRQZdf3Kkn0qJgI6ZLpyS5z6ZkY1DF3kaQaBsGZsndEpHwx+eC+tYM41HaSNvNtLx8tU57FzTQ==",
            "dev": true,
            "dependencies": {
                "@popperjs/core": "^2.9.0"
            }
        },
        "node_modules/update-browserslist-db": {
            "version": "1.1.0",
            "resolved": "https://registry.npmjs.org/update-browserslist-db/-/update-browserslist-db-1.1.0.tgz",
            "integrity": "sha512-EdRAaAyk2cUE1wOf2DkEhzxqOQvFOoRJFNS6NeyJ01Gp2beMRpBAINjM2iDXE3KCuKhwnvHIQCJm6ThL2Z+HzQ==",
            "dev": true,
            "funding": [
                {
                    "type": "opencollective",
                    "url": "https://opencollective.com/browserslist"
                },
                {
                    "type": "tidelift",
                    "url": "https://tidelift.com/funding/github/npm/browserslist"
                },
                {
                    "type": "github",
                    "url": "https://github.com/sponsors/ai"
                }
            ],
            "dependencies": {
                "escalade": "^3.1.2",
                "picocolors": "^1.0.1"
            },
            "bin": {
                "update-browserslist-db": "cli.js"
            },
            "peerDependencies": {
                "browserslist": ">= 4.21.0"
            }
        },
        "node_modules/util-deprecate": {
            "version": "1.0.2",
            "resolved": "https://registry.npmjs.org/util-deprecate/-/util-deprecate-1.0.2.tgz",
            "integrity": "sha512-EPD5q1uXyFxJpCrLnCc1nHnq3gOa6DZBocAIiI2TaSCA7VCJ1UJDMagCzIkXNsUYfD1daK//LTEQ8xiIbrHtcw==",
            "dev": true
        },
        "node_modules/vite": {
            "version": "4.5.5",
            "resolved": "https://registry.npmjs.org/vite/-/vite-4.5.5.tgz",
            "integrity": "sha512-ifW3Lb2sMdX+WU91s3R0FyQlAyLxOzCSCP37ujw0+r5POeHPwe6udWVIElKQq8gk3t7b8rkmvqC6IHBpCff4GQ==",
            "dev": true,
            "dependencies": {
                "esbuild": "^0.18.10",
                "postcss": "^8.4.27",
                "rollup": "^3.27.1"
            },
            "bin": {
                "vite": "bin/vite.js"
            },
            "engines": {
                "node": "^14.18.0 || >=16.0.0"
            },
            "funding": {
                "url": "https://github.com/vitejs/vite?sponsor=1"
            },
            "optionalDependencies": {
                "fsevents": "~2.3.2"
            },
            "peerDependencies": {
                "@types/node": ">= 14",
                "less": "*",
                "lightningcss": "^1.21.0",
                "sass": "*",
                "stylus": "*",
                "sugarss": "*",
                "terser": "^5.4.0"
            },
            "peerDependenciesMeta": {
                "@types/node": {
                    "optional": true
                },
                "less": {
                    "optional": true
                },
                "lightningcss": {
                    "optional": true
                },
                "sass": {
                    "optional": true
                },
                "stylus": {
                    "optional": true
                },
                "sugarss": {
                    "optional": true
                },
                "terser": {
                    "optional": true
                }
            }
        },
        "node_modules/vite-plugin-full-reload": {
            "version": "1.0.5",
            "resolved": "https://registry.npmjs.org/vite-plugin-full-reload/-/vite-plugin-full-reload-1.0.5.tgz",
            "integrity": "sha512-kVZFDFWr0DxiHn6MuDVTQf7gnWIdETGlZh0hvTiMXzRN80vgF4PKbONSq8U1d0WtHsKaFODTQgJeakLacoPZEQ==",
            "dev": true,
            "dependencies": {
                "picocolors": "^1.0.0",
                "picomatch": "^2.3.1"
            },
            "peerDependencies": {
                "vite": "^2 || ^3 || ^4"
            }
        }
    }
}
